// !$*UTF8*$!
{
	archiveVersion = 1;
	classes = {
	};
	objectVersion = 55;
	objects = {

/* Begin PBXBuildFile section */
		D64EBAB3281C6BB600E7C716 /* AppDelegate.swift in Sources */ = {isa = PBXBuildFile; fileRef = D64EBAB2281C6BB600E7C716 /* AppDelegate.swift */; };
		D64EBAB5281C6BB600E7C716 /* SceneDelegate.swift in Sources */ = {isa = PBXBuildFile; fileRef = D64EBAB4281C6BB600E7C716 /* SceneDelegate.swift */; };
		D64EBAB7281C6BB600E7C716 /* ViewController.swift in Sources */ = {isa = PBXBuildFile; fileRef = D64EBAB6281C6BB600E7C716 /* ViewController.swift */; };
		D64EBABA281C6BB600E7C716 /* Main.storyboard in Resources */ = {isa = PBXBuildFile; fileRef = D64EBAB8281C6BB600E7C716 /* Main.storyboard */; };
		D64EBABC281C6BB700E7C716 /* Assets.xcassets in Resources */ = {isa = PBXBuildFile; fileRef = D64EBABB281C6BB700E7C716 /* Assets.xcassets */; };
		D64EBABF281C6BB700E7C716 /* LaunchScreen.storyboard in Resources */ = {isa = PBXBuildFile; fileRef = D64EBABD281C6BB700E7C716 /* LaunchScreen.storyboard */; };
		D64EBAC7281C6BF400E7C716 /* BoxCarClassifier.mlmodel in Sources */ = {isa = PBXBuildFile; fileRef = D64EBAC6281C6BF400E7C716 /* BoxCarClassifier.mlmodel */; };
		D67DDECE281C9274006E28D5 /* MyBoxcarImageClassifier.mlmodel in Sources */ = {isa = PBXBuildFile; fileRef = D67DDECD281C9274006E28D5 /* MyBoxcarImageClassifier.mlmodel */; };
/* End PBXBuildFile section */

/* Begin PBXFileReference section */
		D64EBAAF281C6BB600E7C716 /* MAD_Grad_jaffri_faisal.app */ = {isa = PBXFileReference; explicitFileType = wrapper.application; includeInIndex = 0; path = MAD_Grad_jaffri_faisal.app; sourceTree = BUILT_PRODUCTS_DIR; };
		D64EBAB2281C6BB600E7C716 /* AppDelegate.swift */ = {isa = PBXFileReference; lastKnownFileType = sourcecode.swift; path = AppDelegate.swift; sourceTree = "<group>"; };
		D64EBAB4281C6BB600E7C716 /* SceneDelegate.swift */ = {isa = PBXFileReference; lastKnownFileType = sourcecode.swift; path = SceneDelegate.swift; sourceTree = "<group>"; };
		D64EBAB6281C6BB600E7C716 /* ViewController.swift */ = {isa = PBXFileReference; lastKnownFileType = sourcecode.swift; path = ViewController.swift; sourceTree = "<group>"; };
		D64EBAB9281C6BB600E7C716 /* Base */ = {isa = PBXFileReference; lastKnownFileType = file.storyboard; name = Base; path = Base.lproj/Main.storyboard; sourceTree = "<group>"; };
		D64EBABB281C6BB700E7C716 /* Assets.xcassets */ = {isa = PBXFileReference; lastKnownFileType = folder.assetcatalog; path = Assets.xcassets; sourceTree = "<group>"; };
		D64EBABE281C6BB700E7C716 /* Base */ = {isa = PBXFileReference; lastKnownFileType = file.storyboard; name = Base; path = Base.lproj/LaunchScreen.storyboard; sourceTree = "<group>"; };
		D64EBAC0281C6BB700E7C716 /* Info.plist */ = {isa = PBXFileReference; lastKnownFileType = text.plist.xml; path = Info.plist; sourceTree = "<group>"; };
		D64EBAC6281C6BF400E7C716 /* BoxCarClassifier.mlmodel */ = {isa = PBXFileReference; lastKnownFileType = file.mlmodel; path = BoxCarClassifier.mlmodel; sourceTree = "<group>"; };
		D67DDECD281C9274006E28D5 /* MyBoxcarImageClassifier.mlmodel */ = {isa = PBXFileReference; lastKnownFileType = file.mlmodel; path = MyBoxcarImageClassifier.mlmodel; sourceTree = "<group>"; };
/* End PBXFileReference section */

/* Begin PBXFrameworksBuildPhase section */
		D64EBAAC281C6BB600E7C716 /* Frameworks */ = {
			isa = PBXFrameworksBuildPhase;
			buildActionMask = 2147483647;
			files = (
			);
			runOnlyForDeploymentPostprocessing = 0;
		};
/* End PBXFrameworksBuildPhase section */

/* Begin PBXGroup section */
		D64EBAA6281C6BB600E7C716 = {
			isa = PBXGroup;
			children = (
				D64EBAB1281C6BB600E7C716 /* MAD_Grad_jaffri_faisal */,
				D64EBAB0281C6BB600E7C716 /* Products */,
			);
			sourceTree = "<group>";
		};
		D64EBAB0281C6BB600E7C716 /* Products */ = {
			isa = PBXGroup;
			children = (
				D64EBAAF281C6BB600E7C716 /* MAD_Grad_jaffri_faisal.app */,
			);
			name = Products;
			sourceTree = "<group>";
		};
		D64EBAB1281C6BB600E7C716 /* MAD_Grad_jaffri_faisal */ = {
			isa = PBXGroup;
			children = (
				D64EBAB2281C6BB600E7C716 /* AppDelegate.swift */,
				D64EBAB4281C6BB600E7C716 /* SceneDelegate.swift */,
				D64EBAB6281C6BB600E7C716 /* ViewController.swift */,
				D64EBAB8281C6BB600E7C716 /* Main.storyboard */,
				D64EBABB281C6BB700E7C716 /* Assets.xcassets */,
				D64EBAC6281C6BF400E7C716 /* BoxCarClassifier.mlmodel */,
				D67DDECD281C9274006E28D5 /* MyBoxcarImageClassifier.mlmodel */,
				D64EBABD281C6BB700E7C716 /* LaunchScreen.storyboard */,
				D64EBAC0281C6BB700E7C716 /* Info.plist */,
			);
			path = MAD_Grad_jaffri_faisal;
			sourceTree = "<group>";
		};
/* End PBXGroup section */

/* Begin PBXNativeTarget section */
		D64EBAAE281C6BB600E7C716 /* MAD_Grad_jaffri_faisal */ = {
			isa = PBXNativeTarget;
			buildConfigurationList = D64EBAC3281C6BB700E7C716 /* Build configuration list for PBXNativeTarget "MAD_Grad_jaffri_faisal" */;
			buildPhases = (
				D64EBAAB281C6BB600E7C716 /* Sources */,
				D64EBAAC281C6BB600E7C716 /* Frameworks */,
				D64EBAAD281C6BB600E7C716 /* Resources */,
			);
			buildRules = (
			);
			dependencies = (
			);
			name = MAD_Grad_jaffri_faisal;
			productName = MAD_Grad_jaffri_faisal;
			productReference = D64EBAAF281C6BB600E7C716 /* MAD_Grad_jaffri_faisal.app */;
			productType = "com.apple.product-type.application";
		};
/* End PBXNativeTarget section */

/* Begin PBXProject section */
		D64EBAA7281C6BB600E7C716 /* Project object */ = {
			isa = PBXProject;
			attributes = {
				BuildIndependentTargetsInParallel = 1;
				LastSwiftUpdateCheck = 1310;
				LastUpgradeCheck = 1310;
				TargetAttributes = {
					D64EBAAE281C6BB600E7C716 = {
						CreatedOnToolsVersion = 13.1;
					};
				};
			};
			buildConfigurationList = D64EBAAA281C6BB600E7C716 /* Build configuration list for PBXProject "MAD_Grad_jaffri_faisal" */;
			compatibilityVersion = "Xcode 13.0";
			developmentRegion = en;
			hasScannedForEncodings = 0;
			knownRegions = (
				en,
				Base,
			);
			mainGroup = D64EBAA6281C6BB600E7C716;
			productRefGroup = D64EBAB0281C6BB600E7C716 /* Products */;
			projectDirPath = "";
			projectRoot = "";
			targets = (
				D64EBAAE281C6BB600E7C716 /* MAD_Grad_jaffri_faisal */,
			);
		};
/* End PBXProject section */

/* Begin PBXResourcesBuildPhase section */
		D64EBAAD281C6BB600E7C716 /* Resources */ = {
			isa = PBXResourcesBuildPhase;
			buildActionMask = 2147483647;
			files = (
				D64EBABF281C6BB700E7C716 /* LaunchScreen.storyboard in Resources */,
				D64EBABC281C6BB700E7C716 /* Assets.xcassets in Resources */,
				D64EBABA281C6BB600E7C716 /* Main.storyboard in Resources */,
			);
			runOnlyForDeploymentPostprocessing = 0;
		};
/* End PBXResourcesBuildPhase section */

/* Begin PBXSourcesBuildPhase section */
		D64EBAAB281C6BB600E7C716 /* Sources */ = {
			isa = PBXSourcesBuildPhase;
			buildActionMask = 2147483647;
			files = (
				D64EBAC7281C6BF400E7C716 /* BoxCarClassifier.mlmodel in Sources */,
				D67DDECE281C9274006E28D5 /* MyBoxcarImageClassifier.mlmodel in Sources */,
				D64EBAB7281C6BB600E7C716 /* ViewController.swift in Sources */,
				D64EBAB3281C6BB600E7C716 /* AppDelegate.swift in Sources */,
				D64EBAB5281C6BB600E7C716 /* SceneDelegate.swift in Sources */,
			);
			runOnlyForDeploymentPostprocessing = 0;
		};
/* End PBXSourcesBuildPhase section */

/* Begin PBXVariantGroup section */
		D64EBAB8281C6BB600E7C716 /* Main.storyboard */ = {
			isa = PBXVariantGroup;
			children = (
				D64EBAB9281C6BB600E7C716 /* Base */,
			);
			name = Main.storyboard;
			sourceTree = "<group>";
		};
		D64EBABD281C6BB700E7C716 /* LaunchScreen.storyboard */ = {
			isa = PBXVariantGroup;
			children = (
				D64EBABE281C6BB700E7C716 /* Base */,
			);
			name = LaunchScreen.storyboard;
			sourceTree = "<group>";
		};
/* End PBXVariantGroup section */

/* Begin XCBuildConfiguration section */
		D64EBAC1281C6BB700E7C716 /* Debug */ = {
			isa = XCBuildConfiguration;
			buildSettings = {
				ALWAYS_SEARCH_USER_PATHS = NO;
				CLANG_ANALYZER_NONNULL = YES;
				CLANG_ANALYZER_NUMBER_OBJECT_CONVERSION = YES_AGGRESSIVE;
				CLANG_CXX_LANGUAGE_STANDARD = "gnu++17";
				CLANG_CXX_LIBRARY = "libc++";
				CLANG_ENABLE_MODULES = YES;
				CLANG_ENABLE_OBJC_ARC = YES;
				CLANG_ENABLE_OBJC_WEAK = YES;
				CLANG_WARN_BLOCK_CAPTURE_AUTORELEASING = YES;
				CLANG_WARN_BOOL_CONVERSION = YES;
				CLANG_WARN_COMMA = YES;
				CLANG_WARN_CONSTANT_CONVERSION = YES;
				CLANG_WARN_DEPRECATED_OBJC_IMPLEMENTATIONS = YES;
				CLANG_WARN_DIRECT_OBJC_ISA_USAGE = YES_ERROR;
				CLANG_WARN_DOCUMENTATION_COMMENTS = YES;
				CLANG_WARN_EMPTY_BODY = YES;
				CLANG_WARN_ENUM_CONVERSION = YES;
				CLANG_WARN_INFINITE_RECURSION = YES;
				CLANG_WARN_INT_CONVERSION = YES;
				CLANG_WARN_NON_LITERAL_NULL_CONVERSION = YES;
				CLANG_WARN_OBJC_IMPLICIT_RETAIN_SELF = YES;
				CLANG_WARN_OBJC_LITERAL_CONVERSION = YES;
				CLANG_WARN_OBJC_ROOT_CLASS = YES_ERROR;
				CLANG_WARN_QUOTED_INCLUDE_IN_FRAMEWORK_HEADER = YES;
				CLANG_WARN_RANGE_LOOP_ANALYSIS = YES;
				CLANG_WARN_STRICT_PROTOTYPES = YES;
				CLANG_WARN_SUSPICIOUS_MOVE = YES;
				CLANG_WARN_UNGUARDED_AVAILABILITY = YES_AGGRESSIVE;
				CLANG_WARN_UNREACHABLE_CODE = YES;
				CLANG_WARN__DUPLICATE_METHOD_MATCH = YES;
				COPY_PHASE_STRIP = NO;
				DEBUG_INFORMATION_FORMAT = dwarf;
				ENABLE_STRICT_OBJC_MSGSEND = YES;
				ENABLE_TESTABILITY = YES;
				GCC_C_LANGUAGE_STANDARD = gnu11;
				GCC_DYNAMIC_NO_PIC = NO;
				GCC_NO_COMMON_BLOCKS = YES;
				GCC_OPTIMIZATION_LEVEL = 0;
				GCC_PREPROCESSOR_DEFINITIONS = (
					"DEBUG=1",
					"$(inherited)",
				);
				GCC_WARN_64_TO_32_BIT_CONVERSION = YES;
				GCC_WARN_ABOUT_RETURN_TYPE = YES_ERROR;
				GCC_WARN_UNDECLARED_SELECTOR = YES;
				GCC_WARN_UNINITIALIZED_AUTOS = YES_AGGRESSIVE;
				GCC_WARN_UNUSED_FUNCTION = YES;
				GCC_WARN_UNUSED_VARIABLE = YES;
				IPHONEOS_DEPLOYMENT_TARGET = 15.0;
				MTL_ENABLE_DEBUG_INFO = INCLUDE_SOURCE;
				MTL_FAST_MATH = YES;
				ONLY_ACTIVE_ARCH = YES;
				SDKROOT = iphoneos;
				SWIFT_ACTIVE_COMPILATION_CONDITIONS = DEBUG;
				SWIFT_OPTIMIZATION_LEVEL = "-Onone";
			};
			name = Debug;
		};
		D64EBAC2281C6BB700E7C716 /* Release */ = {
			isa = XCBuildConfiguration;
			buildSettings = {
				ALWAYS_SEARCH_USER_PATHS = NO;
				CLANG_ANALYZER_NONNULL = YES;
				CLANG_ANALYZER_NUMBER_OBJECT_CONVERSION = YES_AGGRESSIVE;
				CLANG_CXX_LANGUAGE_STANDARD = "gnu++17";
				CLANG_CXX_LIBRARY = "libc++";
				CLANG_ENABLE_MODULES = YES;
				CLANG_ENABLE_OBJC_ARC = YES;
				CLANG_ENABLE_OBJC_WEAK = YES;
				CLANG_WARN_BLOCK_CAPTURE_AUTORELEASING = YES;
				CLANG_WARN_BOOL_CONVERSION = YES;
				CLANG_WARN_COMMA = YES;
				CLANG_WARN_CONSTANT_CONVERSION = YES;
				CLANG_WARN_DEPRECATED_OBJC_IMPLEMENTATIONS = YES;
				CLANG_WARN_DIRECT_OBJC_ISA_USAGE = YES_ERROR;
				CLANG_WARN_DOCUMENTATION_COMMENTS = YES;
				CLANG_WARN_EMPTY_BODY = YES;
				CLANG_WARN_ENUM_CONVERSION = YES;
				CLANG_WARN_INFINITE_RECURSION = YES;
				CLANG_WARN_INT_CONVERSION = YES;
				CLANG_WARN_NON_LITERAL_NULL_CONVERSION = YES;
				CLANG_WARN_OBJC_IMPLICIT_RETAIN_SELF = YES;
				CLANG_WARN_OBJC_LITERAL_CONVERSION = YES;
				CLANG_WARN_OBJC_ROOT_CLASS = YES_ERROR;
				CLANG_WARN_QUOTED_INCLUDE_IN_FRAMEWORK_HEADER = YES;
				CLANG_WARN_RANGE_LOOP_ANALYSIS = YES;
				CLANG_WARN_STRICT_PROTOTYPES = YES;
				CLANG_WARN_SUSPICIOUS_MOVE = YES;
				CLANG_WARN_UNGUARDED_AVAILABILITY = YES_AGGRESSIVE;
				CLANG_WARN_UNREACHABLE_CODE = YES;
				CLANG_WARN__DUPLICATE_METHOD_MATCH = YES;
				COPY_PHASE_STRIP = NO;
				DEBUG_INFORMATION_FORMAT = "dwarf-with-dsym";
				ENABLE_NS_ASSERTIONS = NO;
				ENABLE_STRICT_OBJC_MSGSEND = YES;
				GCC_C_LANGUAGE_STANDARD = gnu11;
				GCC_NO_COMMON_BLOCKS = YES;
				GCC_WARN_64_TO_32_BIT_CONVERSION = YES;
				GCC_WARN_ABOUT_RETURN_TYPE = YES_ERROR;
				GCC_WARN_UNDECLARED_SELECTOR = YES;
				GCC_WARN_UNINITIALIZED_AUTOS = YES_AGGRESSIVE;
				GCC_WARN_UNUSED_FUNCTION = YES;
				GCC_WARN_UNUSED_VARIABLE = YES;
				IPHONEOS_DEPLOYMENT_TARGET = 15.0;
				MTL_ENABLE_DEBUG_INFO = NO;
				MTL_FAST_MATH = YES;
				SDKROOT = iphoneos;
				SWIFT_COMPILATION_MODE = wholemodule;
				SWIFT_OPTIMIZATION_LEVEL = "-O";
				VALIDATE_PRODUCT = YES;
			};
			name = Release;
		};
		D64EBAC4281C6BB700E7C716 /* Debug */ = {
			isa = XCBuildConfiguration;
			buildSettings = {
				ASSETCATALOG_COMPILER_APPICON_NAME = AppIcon;
				ASSETCATALOG_COMPILER_GLOBAL_ACCENT_COLOR_NAME = AccentColor;
				CODE_SIGN_STYLE = Automatic;
				CURRENT_PROJECT_VERSION = 1;
				DEVELOPMENT_TEAM = YR3J4UGQ85;
				GENERATE_INFOPLIST_FILE = YES;
				INFOPLIST_FILE = MAD_Grad_jaffri_faisal/Info.plist;
				INFOPLIST_KEY_UIApplicationSupportsIndirectInputEvents = YES;
				INFOPLIST_KEY_UILaunchStoryboardName = LaunchScreen;
				INFOPLIST_KEY_UIMainStoryboardFile = Main;
				INFOPLIST_KEY_UISupportedInterfaceOrientations_iPad = "UIInterfaceOrientationPortrait UIInterfaceOrientationPortraitUpsideDown UIInterfaceOrientationLandscapeLeft UIInterfaceOrientationLandscapeRight";
				INFOPLIST_KEY_UISupportedInterfaceOrientations_iPhone = "UIInterfaceOrientationPortrait UIInterfaceOrientationLandscapeLeft UIInterfaceOrientationLandscapeRight";
				IPHONEOS_DEPLOYMENT_TARGET = 15.4;
				LD_RUNPATH_SEARCH_PATHS = (
					"$(inherited)",
					"@executable_path/Frameworks",
				);
				MARKETING_VERSION = 1.0;
				PRODUCT_BUNDLE_IDENTIFIER = "ios.assignment.grad.osu.MAD-Grad-jaffri-faisal";
				PRODUCT_NAME = "$(TARGET_NAME)";
				SWIFT_EMIT_LOC_STRINGS = YES;
				SWIFT_VERSION = 5.0;
				TARGETED_DEVICE_FAMILY = "1,2";
			};
			name = Debug;
		};
		D64EBAC5281C6BB700E7C716 /* Release */ = {
			isa = XCBuildConfiguration;
			buildSettings = {
				ASSETCATALOG_COMPILER_APPICON_NAME = AppIcon;
				ASSETCATALOG_COMPILER_GLOBAL_ACCENT_COLOR_NAME = AccentColor;
				CODE_SIGN_STYLE = Automatic;
				CURRENT_PROJECT_VERSION = 1;
				DEVELOPMENT_TEAM = YR3J4UGQ85;
				GENERATE_INFOPLIST_FILE = YES;
				INFOPLIST_FILE = MAD_Grad_jaffri_faisal/Info.plist;
				INFOPLIST_KEY_UIApplicationSupportsIndirectInputEvents = YES;
				INFOPLIST_KEY_UILaunchStoryboardName = LaunchScreen;
				INFOPLIST_KEY_UIMainStoryboardFile = Main;
				INFOPLIST_KEY_UISupportedInterfaceOrientations_iPad = "UIInterfaceOrientationPortrait UIInterfaceOrientationPortraitUpsideDown UIInterfaceOrientationLandscapeLeft UIInterfaceOrientationLandscapeRight";
				INFOPLIST_KEY_UISupportedInterfaceOrientations_iPhone = "UIInterfaceOrientationPortrait UIInterfaceOrientationLandscapeLeft UIInterfaceOrientationLandscapeRight";
				IPHONEOS_DEPLOYMENT_TARGET = 15.4;
				LD_RUNPATH_SEARCH_PATHS = (
					"$(inherited)",
					"@executable_path/Frameworks",
				);
				MARKETING_VERSION = 1.0;
				PRODUCT_BUNDLE_IDENTIFIER = "ios.assignment.grad.osu.MAD-Grad-jaffri-faisal";
				PRODUCT_NAME = "$(TARGET_NAME)";
				SWIFT_EMIT_LOC_STRINGS = YES;
				SWIFT_VERSION = 5.0;
				TARGETED_DEVICE_FAMILY = "1,2";
			};
			name = Release;
		};
/* End XCBuildConfiguration section */

/* Begin XCConfigurationList section */
		D64EBAAA281C6BB600E7C716 /* Build configuration list for PBXProject "MAD_Grad_jaffri_faisal" */ = {
			isa = XCConfigurationList;
			buildConfigurations = (
				D64EBAC1281C6BB700E7C716 /* Debug */,
				D64EBAC2281C6BB700E7C716 /* Release */,
			);
			defaultConfigurationIsVisible = 0;
			defaultConfigurationName = Release;
		};
		D64EBAC3281C6BB700E7C716 /* Build configuration list for PBXNativeTarget "MAD_Grad_jaffri_faisal" */ = {
			isa = XCConfigurationList;
			buildConfigurations = (
				D64EBAC4281C6BB700E7C716 /* Debug */,
				D64EBAC5281C6BB700E7C716 /* Release */,
			);
			defaultConfigurationIsVisible = 0;
			defaultConfigurationName = Release;
		};
/* End XCConfigurationList section */
	};
	rootObject = D64EBAA7281C6BB600E7C716 /* Project object */;
}
